
Microsoft Visual Studio Solution File, Format Version 12.00
# Visual Studio Version 16
VisualStudioVersion = 16.0.30002.166
MinimumVisualStudioVersion = 10.0.40219.1
Project("{F184B08F-C81C-45F6-A57F-5ABD9991F28F}") = "GigHub", "GigHub\GigHub.vbproj", "{2DC2039C-9AA4-465F-B400-DDA30E389709}"
EndProject
Global
	GlobalSection(SolutionConfigurationPlatforms) = preSolution
		Debug|Any CPU = Debug|Any CPU
		Release|Any CPU = Release|Any CPU
	EndGlobalSection
	GlobalSection(ProjectConfigurationPlatforms) = postSolution
		{2DC2039C-9AA4-465F-B400-DDA30E389709}.Debug|Any CPU.ActiveCfg = Debug|Any CPU
		{2DC2039C-9AA4-465F-B400-DDA30E389709}.Debug|Any CPU.Build.0 = Debug|Any CPU
		{2DC2039C-9AA4-465F-B400-DDA30E389709}.Release|Any CPU.ActiveCfg = Release|Any CPU
		{2DC2039C-9AA4-465F-B400-DDA30E389709}.Release|Any CPU.Build.0 = Release|Any CPU
	EndGlobalSection
	GlobalSection(SolutionProperties) = preSolution
		HideSolutionNode = FALSE
	EndGlobalSection
	GlobalSection(ExtensibilityGlobals) = postSolution
		SolutionGuid = {BC36BE80-53A4-425C-B053-A4C0B798EE67}
	EndGlobalSection
EndGlobal
